<?xml version="1.0" encoding="utf-8"?>
<Project ToolsVersion="4.0" xmlns="http://schemas.microsoft.com/developer/msbuild/2003">
  <ItemGroup>
    <Filter Include="Source Files">
      <UniqueIdentifier>{4FC737F1-C7A5-4376-A066-2A32D752A2FF}</UniqueIdentifier>
      <Extensions>cpp;c;cc;cxx;def;odl;idl;hpj;bat;asm;asmx</Extensions>
    </Filter>
    <Filter Include="Header Files">
      <UniqueIdentifier>{93995380-89BD-4b04-88EB-625FBE52EBFB}</UniqueIdentifier>
      <Extensions>h;hpp;hxx;hm;inl;inc;xsd</Extensions>
    </Filter>
    <Filter Include="Resource Files">
      <UniqueIdentifier>{67DA6AB6-F800-4c08-8B7A-83BB121AAD01}</UniqueIdentifier>
      <Extensions>rc;ico;cur;bmp;dlg;rc2;rct;bin;rgs;gif;jpg;jpeg;jpe;resx;tiff;tif;png;wav;mfcribbon-ms</Extensions>
    </Filter>
    <Filter Include="Header Files\math">
      <UniqueIdentifier>{622ed3a1-9ec6-4bc6-bb2b-5f7e7ad10898}</UniqueIdentifier>
    </Filter>
    <Filter Include="Source Files\math">
      <UniqueIdentifier>{f850bf57-1c0f-4255-b7d3-b6ce50730f88}</UniqueIdentifier>
    </Filter>
  </ItemGroup>
  <ItemGroup>
    <ClCompile Include="main.cpp">
      <Filter>Source Files</Filter>
    </ClCompile>
    <ClCompile Include="Math\AffineTransform.cpp">
      <Filter>Source Files\math</Filter>
    </ClCompile>
    <ClCompile Include="Math\MathUtil.cpp">
      <Filter>Source Files\math</Filter>
    </ClCompile>
    <ClCompile Include="Math\Matrix3.cpp">
      <Filter>Source Files\math</Filter>
    </ClCompile>
    <ClCompile Include="Math\Vector2.cpp">
      <Filter>Source Files\math</Filter>
    </ClCompile>
    <ClCompile Include="Math\Vector3.cpp">
      <Filter>Source Files\math</Filter>
    </ClCompile>
    <ClCompile Include="Game\GameStates\SplashState.cpp">
      <Filter>Source Files</Filter>
    </ClCompile>
    <ClCompile Include="Game\GameStates\PlayingState.cpp">
      <Filter>Source Files</Filter>
    </ClCompile>
    <ClCompile Include="Framework\Physics\Body.cpp">
      <Filter>Source Files</Filter>
    </ClCompile>
    <ClCompile Include="Framework\Audio\SoundBuffer.cpp">
      <Filter>Source Files</Filter>
    </ClCompile>
    <ClCompile Include="Framework\Graphics\TextureManager.cpp">
      <Filter>Source Files</Filter>
    </ClCompile>
    <ClCompile Include="Framework\Game.cpp">
      <Filter>Source Files</Filter>
    </ClCompile>
    <ClCompile Include="Framework\Graphics\Transformable.cpp">
      <Filter>Source Files</Filter>
    </ClCompile>
    <ClCompile Include="Framework\GameState.cpp">
      <Filter>Source Files</Filter>
    </ClCompile>
    <ClCompile Include="Framework\Graphics\Sprite.cpp">
      <Filter>Source Files</Filter>
    </ClCompile>
    <ClCompile Include="Framework\Scene\SceneNode.cpp">
      <Filter>Source Files</Filter>
    </ClCompile>
    <ClCompile Include="Game\Entities\Ship.cpp">
      <Filter>Source Files</Filter>
    </ClCompile>
    <ClCompile Include="Game\GameStates\TitleState.cpp">
      <Filter>Source Files</Filter>
    </ClCompile>
    <ClCompile Include="Game\JamGame.cpp">
      <Filter>Source Files</Filter>
    </ClCompile>
    <ClCompile Include="Game\GameStates\StoryState.cpp">
      <Filter>Source Files</Filter>
    </ClCompile>
    <ClCompile Include="Game\GameStates\InstructionsState.cpp">
      <Filter>Source Files</Filter>
    </ClCompile>
    <ClCompile Include="Game\GameStates\GameoverState.cpp">
      <Filter>Source Files</Filter>
    </ClCompile>
  </ItemGroup>
  <ItemGroup>
    <ClInclude Include="Math\AffineTransform.h">
      <Filter>Header Files\math</Filter>
    </ClInclude>
    <ClInclude Include="Math\MathUtil.h">
      <Filter>Header Files\math</Filter>
    </ClInclude>
    <ClInclude Include="Math\Matrix3.h">
      <Filter>Header Files\math</Filter>
    </ClInclude>
    <ClInclude Include="Math\Vector2.h">
      <Filter>Header Files\math</Filter>
    </ClInclude>
    <ClInclude Include="Math\Vector3.h">
      <Filter>Header Files\math</Filter>
    </ClInclude>
    <ClInclude Include="Game\GameStates\SplashState.h">
      <Filter>Header Files</Filter>
    </ClInclude>
    <ClInclude Include="Game\Resources.h">
      <Filter>Header Files</Filter>
    </ClInclude>
    <ClInclude Include="Game\GameStates\PlayingState.h">
      <Filter>Header Files</Filter>
    </ClInclude>
    <ClInclude Include="Framework\Physics\Body.h">
      <Filter>Header Files</Filter>
    </ClInclude>
    <ClInclude Include="Framework\Audio\SoundBuffer.h">
      <Filter>Header Files</Filter>
    </ClInclude>
    <ClInclude Include="Framework\Graphics\TextureManager.h">
      <Filter>Header Files</Filter>
    </ClInclude>
    <ClInclude Include="Framework\Graphics\Drawable.h">
      <Filter>Header Files</Filter>
    </ClInclude>
    <ClInclude Include="Framework\Game.h">
      <Filter>Header Files</Filter>
    </ClInclude>
    <ClInclude Include="Framework\Graphics\Transformable.h">
      <Filter>Header Files</Filter>
    </ClInclude>
    <ClInclude Include="Framework\GameState.h">
      <Filter>Header Files</Filter>
    </ClInclude>
    <ClInclude Include="Framework\Graphics\Sprite.h">
      <Filter>Header Files</Filter>
    </ClInclude>
    <ClInclude Include="Framework\Scene\SceneNode.h">
      <Filter>Header Files</Filter>
    </ClInclude>
    <ClInclude Include="Game\Entities\Ship.h">
      <Filter>Header Files</Filter>
    </ClInclude>
    <ClInclude Include="Game\Entities\Ships\Djoker.h">
      <Filter>Header Files</Filter>
    </ClInclude>
    <ClInclude Include="Game\GameStates\TitleState.h">
      <Filter>Header Files</Filter>
    </ClInclude>
    <ClInclude Include="Game\JamGame.h">
      <Filter>Header Files</Filter>
    </ClInclude>
    <ClInclude Include="Game\GameStates\StoryState.h">
      <Filter>Header Files</Filter>
    </ClInclude>
    <ClInclude Include="Game\GameStates\InstructionsState.h">
      <Filter>Header Files</Filter>
    </ClInclude>
    <ClInclude Include="Game\GameStates\GameoverState.h">
      <Filter>Header Files</Filter>
    </ClInclude>
  </ItemGroup>
  <ItemGroup>
    <None Include="Game\config.lua" />
  </ItemGroup>
</Project>